{
  "version": 4,
  "terraform_version": "0.13.0",
  "serial": 51,
  "lineage": "79d20247-6558-150f-7f0d-38d2ea8cde34",
  "outputs": {},
  "resources": [
    {
      "mode": "managed",
      "type": "aws_s3_bucket",
      "name": "b",
      "provider": "provider[\"registry.terraform.io/hashicorp/aws\"]",
      "instances": [
        {
          "schema_version": 0,
          "attributes": {
            "acceleration_status": "",
            "acl": "private",
            "arn": "arn:aws:s3:::engdevopsb03bucket001",
            "bucket": "engdevopsb03bucket001",
            "bucket_domain_name": "engdevopsb03bucket001.s3.amazonaws.com",
            "bucket_prefix": null,
            "bucket_regional_domain_name": "engdevopsb03bucket001.s3.amazonaws.com",
            "cors_rule": [],
            "force_destroy": false,
            "grant": [],
            "hosted_zone_id": "Z3AQBSTGFYJSTF",
            "id": "engdevopsb03bucket001",
            "lifecycle_rule": [],
            "logging": [],
            "object_lock_configuration": [],
            "policy": null,
            "region": "us-east-1",
            "replication_configuration": [],
            "request_payer": "BucketOwner",
            "server_side_encryption_configuration": [],
            "tags": {
              "CostCenter": "8080",
              "batch": "B-02",
              "lang": "English",
              "location": "Pune",
              "startdate": "June 6th"
            },
            "versioning": [
              {
                "enabled": false,
                "mfa_delete": false
              }
            ],
            "website": [],
            "website_domain": null,
            "website_endpoint": null
          }
        }
      ]
    }
  ]
}
